schema: '2.0'
stages:
  data@3:
    cmd: "python src/create_data.py --dataset trec --n-shot 3 --test-size 100 --n-folds\
      \ 5 --split train\npython src/create_data.py --dataset trec --n-shot 3 --test-size\
      \ 100 --n-folds 5 --split test\n"
    deps:
    - path: src/create_data.py
      md5: c29253ae36fc0f595a307428804f0b84
      size: 772
    outs:
    - path: data/trec/3
      md5: f7427fbaa8a2ca615765cdbb57ed7402.dir
      size: 51764
      nfiles: 10
  tfidf_svm@5:
    cmd: python src/train_tfidf_svm.py --data-path trec --n-shot "5" --test-size 100
      --n-folds 5
    deps:
    - path: src/train_tfidf_svm.py
      md5: 75db88ee99892d2aaf096f43a23178c8
      size: 1525
    outs:
    - path: results/trec/tfidf_svm/5.json
      md5: 63e3a4e08da2ebe3ac5d426e2eb73903
      size: 221
  tfidf_svm@8:
    cmd: python src/train_tfidf_svm.py --data-path trec --n-shot "8" --test-size 100
      --n-folds 5
    deps:
    - path: src/train_tfidf_svm.py
      md5: 75db88ee99892d2aaf096f43a23178c8
      size: 1525
    outs:
    - path: results/trec/tfidf_svm/8.json
      md5: 2c1afab229630dd975622363870bfde4
      size: 220
  tfidf_svm@3:
    cmd: python src/train_tfidf_svm.py --data-path trec --n-shot "3" --test-size 100
      --n-folds 5
    deps:
    - path: src/train_tfidf_svm.py
      md5: 75db88ee99892d2aaf096f43a23178c8
      size: 1525
    outs:
    - path: results/trec/tfidf_svm/3.json
      md5: 4940eacd8d607eed16b1dc8c3a13382b
      size: 221
  tfidf_svm@16:
    cmd: python src/train_tfidf_svm.py --data-path trec --n-shot "16" --test-size
      100 --n-folds 5
    deps:
    - path: src/train_tfidf_svm.py
      md5: 75db88ee99892d2aaf096f43a23178c8
      size: 1525
    outs:
    - path: results/trec/tfidf_svm/16.json
      md5: 2c43edb05ae0657b88d2fa6a002737fb
      size: 221
  tfidf_svm@all:
    cmd: python src/train_tfidf_svm.py --data-path trec --n-shot "all" --test-size
      100 --n-folds 5
    deps:
    - path: src/train_tfidf_svm.py
      md5: 75db88ee99892d2aaf096f43a23178c8
      size: 1525
    outs:
    - path: results/trec/tfidf_svm/all.json
      md5: d8b455d4af9dae78cd6b8909e150e989
      size: 226
  setfit@3:
    cmd: python src/train_setfit.py --data-path trec --n-shot "3" --test-size 100
      --n-folds 5
    deps:
    - path: src/train_setfit.py
      md5: 43818491057c1c01dacb0d32932d6506
      size: 1596
    outs:
    - path: results/trec/setfit/3.json
      md5: b2924e9664da144a379b389478cbf9c5
      size: 221
  setfit@5:
    cmd: python src/train_setfit.py --data-path trec --n-shot "5" --test-size 100
      --n-folds 5
    deps:
    - path: src/train_setfit.py
      md5: 43818491057c1c01dacb0d32932d6506
      size: 1596
    outs:
    - path: results/trec/setfit/5.json
      md5: 6270a6a368bda78832ea8a4c1ccf6420
      size: 221
  setfit@8:
    cmd: python src/train_setfit.py --data-path trec --n-shot "8" --test-size 100
      --n-folds 5
    deps:
    - path: src/train_setfit.py
      md5: 43818491057c1c01dacb0d32932d6506
      size: 1596
    outs:
    - path: results/trec/setfit/8.json
      md5: 49380c7821311baa320ae3c40a597ed9
      size: 220
  setfit@16:
    cmd: python src/train_setfit.py --data-path trec --n-shot "16" --test-size 100
      --n-folds 5
    deps:
    - path: src/train_setfit.py
      md5: 43818491057c1c01dacb0d32932d6506
      size: 1596
    outs:
    - path: results/trec/setfit/16.json
      md5: 3fb77f4975398dcab18e97faa392912f
      size: 220
  gpt3@3:
    cmd: python src/evaluate_gpt3.py --data-path trec --n-shot "3" --test-size 10
      --n-folds 5
    deps:
    - path: src/evaluate_gpt3.py
      md5: 08143f92adaaf77fc36e21d637abd3d3
      size: 2524
    outs:
    - path: results/trec/gpt3/3.json
      md5: d6476c13d92e64bc75262775d5ec6714
      size: 215
  gpt3@5:
    cmd: python src/evaluate_gpt3.py --data-path trec --n-shot "5" --test-size 10
      --n-folds 5
    deps:
    - path: src/evaluate_gpt3.py
      md5: 08143f92adaaf77fc36e21d637abd3d3
      size: 2524
    outs:
    - path: results/trec/gpt3/5.json
      md5: 0f8e09e410e6be7a27f853de387eff83
      size: 215
  gpt3@8:
    cmd: python src/evaluate_gpt3.py --data-path trec --n-shot "8" --test-size 10
      --n-folds 5
    deps:
    - path: src/evaluate_gpt3.py
      md5: 08143f92adaaf77fc36e21d637abd3d3
      size: 2524
    outs:
    - path: results/trec/gpt3/8.json
      md5: 6cc03b46967bb1bce8721e54596f9f52
      size: 215
  gpt3@16:
    cmd: python src/evaluate_gpt3.py --data-path trec --n-shot "16" --test-size 10
      --n-folds 5
    deps:
    - path: src/evaluate_gpt3.py
      md5: 08143f92adaaf77fc36e21d637abd3d3
      size: 2524
    outs:
    - path: results/trec/gpt3/16.json
      md5: 92db9e1c0a0af03aecbc0c405ef860eb
      size: 215
  graph:
    cmd: python src/create_graph.py --results-path results --figures-path figures
      --dataset trec
    deps:
    - path: results
      md5: 827553e67db716e3bbb48d508c72ec8b.dir
      size: 10960
      nfiles: 53
    - path: src/create_graph.py
      md5: e88d7e90e912735571f470339478c2b4
      size: 2022
    outs:
    - path: figures/trec.png
      md5: aa013341ef2ef575a148cfe18d73b9dd
      size: 34829
  data@8:
    cmd: "python src/create_data.py --dataset trec --n-shot 8 --test-size 100 --n-folds\
      \ 5 --split train\npython src/create_data.py --dataset trec --n-shot 8 --test-size\
      \ 100 --n-folds 5 --split test\n"
    deps:
    - path: src/create_data.py
      md5: c29253ae36fc0f595a307428804f0b84
      size: 772
    outs:
    - path: data/trec/8
      md5: cc17068a59a1d01e0e17d3ae8e6da6c3.dir
      size: 65163
      nfiles: 10
  data@5:
    cmd: "python src/create_data.py --dataset trec --n-shot 5 --test-size 100 --n-folds\
      \ 5 --split train\npython src/create_data.py --dataset trec --n-shot 5 --test-size\
      \ 100 --n-folds 5 --split test\n"
    deps:
    - path: src/create_data.py
      md5: c29253ae36fc0f595a307428804f0b84
      size: 772
    outs:
    - path: data/trec/5
      md5: e9a94c175b96928d888a923ccbc6a1c3.dir
      size: 57059
      nfiles: 10
  data@16:
    cmd: "python src/create_data.py --dataset trec --n-shot 16 --test-size 100 --n-folds\
      \ 5 --split train\npython src/create_data.py --dataset trec --n-shot 16 --test-size\
      \ 100 --n-folds 5 --split test\n"
    deps:
    - path: src/create_data.py
      md5: c29253ae36fc0f595a307428804f0b84
      size: 772
    outs:
    - path: data/trec/16
      md5: 723f8b6c99c15bd1fdfab5f289b545d8.dir
      size: 85867
      nfiles: 10
