schema: '2.0'
stages:
  tfidf_svm@5:
    cmd: python src/train_tfidf_svm.py --data-path ag_news --n-shot "5" --test-size
      100 --n-folds 5
    deps:
    - path: src/train_tfidf_svm.py
      md5: 75db88ee99892d2aaf096f43a23178c8
      size: 1525
    outs:
    - path: results/ag_news/tfidf_svm/5.json
      md5: 9f21d29dbfe3595e622f7c8b5d4f76b7
      size: 219
  tfidf_svm@3:
    cmd: python src/train_tfidf_svm.py --data-path ag_news --n-shot "3" --test-size
      100 --n-folds 5
    deps:
    - path: src/train_tfidf_svm.py
      md5: 75db88ee99892d2aaf096f43a23178c8
      size: 1525
    outs:
    - path: results/ag_news/tfidf_svm/3.json
      md5: ae792db666f5f6c2047cfcd401348702
      size: 220
  tfidf_svm@8:
    cmd: python src/train_tfidf_svm.py --data-path ag_news --n-shot "8" --test-size
      100 --n-folds 5
    deps:
    - path: src/train_tfidf_svm.py
      md5: 75db88ee99892d2aaf096f43a23178c8
      size: 1525
    outs:
    - path: results/ag_news/tfidf_svm/8.json
      md5: 1ead8f3a9816b8fd5fc7631bd2eb34c0
      size: 220
  setfit@5:
    cmd: python src/train_setfit.py --data-path ag_news --n-shot "5" --test-size 100
      --n-folds 5
    deps:
    - path: src/train_setfit.py
      md5: 43818491057c1c01dacb0d32932d6506
      size: 1596
    outs:
    - path: results/ag_news/setfit/5.json
      md5: 862ac18a567b2ef0fb25c9502347d5cc
      size: 219
  gpt3@5:
    cmd: python src/evaluate_gpt3.py --data-path ag_news --n-shot "5" --test-size
      10 --n-folds 3
    deps:
    - path: src/evaluate_gpt3.py
      md5: a8e8e7b34ae98be717185467f2849523
      size: 2312
    outs:
    - path: results/ag_news/gpt3/5.json
      md5: 0823f6458d57c75b639445085e4b2037
      size: 129
  gpt3@8:
    cmd: python src/evaluate_gpt3.py --data-path ag_news --n-shot "8" --test-size
      10 --n-folds 3
    deps:
    - path: src/evaluate_gpt3.py
      md5: a8e8e7b34ae98be717185467f2849523
      size: 2312
    outs:
    - path: results/ag_news/gpt3/8.json
      md5: 073a52a51d85410552f78edcf8a2b4ac
      size: 129
  gpt3@3:
    cmd: python src/evaluate_gpt3.py --data-path ag_news --n-shot "3" --test-size
      10 --n-folds 3
    deps:
    - path: src/evaluate_gpt3.py
      md5: a8e8e7b34ae98be717185467f2849523
      size: 2312
    outs:
    - path: results/ag_news/gpt3/3.json
      md5: ced84cffde156d3c12a2ddba130e217b
      size: 129
  setfit@3:
    cmd: python src/train_setfit.py --data-path ag_news --n-shot "3" --test-size 100
      --n-folds 5
    deps:
    - path: src/train_setfit.py
      md5: 43818491057c1c01dacb0d32932d6506
      size: 1596
    outs:
    - path: results/ag_news/setfit/3.json
      md5: 1d1dea9a2bbcada7f943f9ee1e5453b7
      size: 220
  setfit@8:
    cmd: python src/train_setfit.py --data-path ag_news --n-shot "8" --test-size 100
      --n-folds 5
    deps:
    - path: src/train_setfit.py
      md5: 43818491057c1c01dacb0d32932d6506
      size: 1596
    outs:
    - path: results/ag_news/setfit/8.json
      md5: 5afd722687526243f68933a819535cc1
      size: 220
  setfit@16:
    cmd: python src/train_setfit.py --data-path ag_news --n-shot "16" --test-size
      100 --n-folds 5
    deps:
    - path: src/train_setfit.py
      md5: 43818491057c1c01dacb0d32932d6506
      size: 1596
    outs:
    - path: results/ag_news/setfit/16.json
      md5: c95c740b7454a616ededfc44fc4703ab
      size: 220
  tfidf_svm@16:
    cmd: python src/train_tfidf_svm.py --data-path ag_news --n-shot "16" --test-size
      100 --n-folds 5
    deps:
    - path: src/train_tfidf_svm.py
      md5: 75db88ee99892d2aaf096f43a23178c8
      size: 1525
    outs:
    - path: results/ag_news/tfidf_svm/16.json
      md5: d3b4c7cc12aeab73c0df4660eb8fbb40
      size: 220
  gpt3@16:
    cmd: python src/evaluate_gpt3.py --data-path ag_news --n-shot "16" --test-size
      10 --n-folds 3
    deps:
    - path: src/evaluate_gpt3.py
      md5: a8e8e7b34ae98be717185467f2849523
      size: 2312
    outs:
    - path: results/ag_news/gpt3/16.json
      md5: b20446f012e1a3804c36837a3ff31bd7
      size: 159
  graph:
    cmd: python src/create_graph.py --results-path results --figures-path figures
    deps:
    - path: src/create_graph.py
      md5: f260d15b4beb58d266dd334e6ec9b9c6
      size: 2074
    outs:
    - path: figures/ag_news.png
      md5: ba39225949ecab3547123a381612947a
      size: 35189
  tfidf_svm@all:
    cmd: python src/train_tfidf_svm.py --data-path ag_news --n-shot "all" --test-size
      100 --n-folds 5
    deps:
    - path: src/train_tfidf_svm.py
      md5: 75db88ee99892d2aaf096f43a23178c8
      size: 1525
    outs:
    - path: results/ag_news/tfidf_svm/all.json
      md5: a37de229601718abbfc39708cb47af2f
      size: 266
  data@5:
    cmd: "python src/create_data.py --dataset ag_news --n-shot 5 --test-size 100 --n-folds\
      \ 5 --split train\npython src/create_data.py --dataset ag_news --n-shot 5 --test-size\
      \ 100 --n-folds 5 --split test\n"
    deps:
    - path: src/create_data.py
      md5: f29466051922a0aa04e360ceb1206ecb
      size: 780
    outs:
    - path: data/ag_news/5
      md5: 637cea1cf0a18a80b08f62d46de0246f.dir
      size: 152504
      nfiles: 10
  data@16:
    cmd: "python src/create_data.py --dataset ag_news --n-shot 16 --test-size 100\
      \ --n-folds 5 --split train\npython src/create_data.py --dataset ag_news --n-shot\
      \ 16 --test-size 100 --n-folds 5 --split test\n"
    deps:
    - path: src/create_data.py
      md5: f29466051922a0aa04e360ceb1206ecb
      size: 780
    outs:
    - path: data/ag_news/16
      md5: ad7965acba8f2db4c0ca6e33f866f4c8.dir
      size: 210258
      nfiles: 10
  data@8:
    cmd: "python src/create_data.py --dataset ag_news --n-shot 8 --test-size 100 --n-folds\
      \ 5 --split train\npython src/create_data.py --dataset ag_news --n-shot 8 --test-size\
      \ 100 --n-folds 5 --split test\n"
    deps:
    - path: src/create_data.py
      md5: f29466051922a0aa04e360ceb1206ecb
      size: 780
    outs:
    - path: data/ag_news/8
      md5: 2ec56596a3316b4f2ee21c2c59523ec7.dir
      size: 170622
      nfiles: 10
  data@3:
    cmd: "python src/create_data.py --dataset ag_news --n-shot 3 --test-size 100 --n-folds\
      \ 5 --split train\npython src/create_data.py --dataset ag_news --n-shot 3 --test-size\
      \ 100 --n-folds 5 --split test\n"
    deps:
    - path: src/create_data.py
      md5: f29466051922a0aa04e360ceb1206ecb
      size: 780
    outs:
    - path: data/ag_news/3
      md5: 57155ca7d72bd6785443a8cc29cb8186.dir
      size: 142706
      nfiles: 10
