schema: '2.0'
stages:
  tfidf_svm@all:
    cmd: python src/train_tfidf_svm.py --data-path imdb --n-shot "all" --test-size
      100 --n-folds 5
    deps:
    - path: src/train_tfidf_svm.py
      md5: 75db88ee99892d2aaf096f43a23178c8
      size: 1525
    outs:
    - path: results/imdb/tfidf_svm/all.json
      md5: 9a215fa14e04ee92f53d25b8060b2784
      size: 234
  tfidf_svm@3:
    cmd: python src/train_tfidf_svm.py --data-path imdb --n-shot "3" --test-size 100
      --n-folds 5
    deps:
    - path: src/train_tfidf_svm.py
      md5: 75db88ee99892d2aaf096f43a23178c8
      size: 1525
    outs:
    - path: results/imdb/tfidf_svm/3.json
      md5: e2faa8375b7d73120c9dae36beecf509
      size: 221
  tfidf_svm@5:
    cmd: python src/train_tfidf_svm.py --data-path imdb --n-shot "5" --test-size 100
      --n-folds 5
    deps:
    - path: src/train_tfidf_svm.py
      md5: 75db88ee99892d2aaf096f43a23178c8
      size: 1525
    outs:
    - path: results/imdb/tfidf_svm/5.json
      md5: d3e82e8e8ab2107b5d50c15cf7f45498
      size: 221
  tfidf_svm@8:
    cmd: python src/train_tfidf_svm.py --data-path imdb --n-shot "8" --test-size 100
      --n-folds 5
    deps:
    - path: src/train_tfidf_svm.py
      md5: 75db88ee99892d2aaf096f43a23178c8
      size: 1525
    outs:
    - path: results/imdb/tfidf_svm/8.json
      md5: 87bb11aab86de1dafa06060bf564225e
      size: 220
  tfidf_svm@16:
    cmd: python src/train_tfidf_svm.py --data-path imdb --n-shot "16" --test-size
      100 --n-folds 5
    deps:
    - path: src/train_tfidf_svm.py
      md5: 75db88ee99892d2aaf096f43a23178c8
      size: 1525
    outs:
    - path: results/imdb/tfidf_svm/16.json
      md5: 384840c8a60a913d4df36d243a53b7a2
      size: 221
  setfit@3:
    cmd: python src/train_setfit.py --data-path imdb --n-shot "3" --test-size 100
      --n-folds 5
    deps:
    - path: src/train_setfit.py
      md5: 43818491057c1c01dacb0d32932d6506
      size: 1596
    outs:
    - path: results/imdb/setfit/3.json
      md5: ba6abcb6ec58b19829c03f559cb887bd
      size: 219
  setfit@5:
    cmd: python src/train_setfit.py --data-path imdb --n-shot "5" --test-size 100
      --n-folds 5
    deps:
    - path: src/train_setfit.py
      md5: 43818491057c1c01dacb0d32932d6506
      size: 1596
    outs:
    - path: results/imdb/setfit/5.json
      md5: 8de71aa549552215516246e9497889fa
      size: 220
  setfit@8:
    cmd: python src/train_setfit.py --data-path imdb --n-shot "8" --test-size 100
      --n-folds 5
    deps:
    - path: src/train_setfit.py
      md5: 43818491057c1c01dacb0d32932d6506
      size: 1596
    outs:
    - path: results/imdb/setfit/8.json
      md5: 1a6a918e738eb5507bfadc99903a1ffe
      size: 221
  setfit@16:
    cmd: python src/train_setfit.py --data-path imdb --n-shot "16" --test-size 100
      --n-folds 5
    deps:
    - path: src/train_setfit.py
      md5: 43818491057c1c01dacb0d32932d6506
      size: 1596
    outs:
    - path: results/imdb/setfit/16.json
      md5: 51c489f8f50ea248c55538f2db0901ed
      size: 221
  gpt3@3:
    cmd: python src/evaluate_gpt3.py --data-path imdb --n-shot "3" --test-size 10
      --n-folds 5
    deps:
    - path: src/evaluate_gpt3.py
      md5: 08143f92adaaf77fc36e21d637abd3d3
      size: 2524
    outs:
    - path: results/imdb/gpt3/3.json
      md5: d4cf5c6f0561c0b092be857307712552
      size: 230
  gpt3@5:
    cmd: python src/evaluate_gpt3.py --data-path imdb --n-shot "5" --test-size 10
      --n-folds 5
    deps:
    - path: src/evaluate_gpt3.py
      md5: 08143f92adaaf77fc36e21d637abd3d3
      size: 2524
    outs:
    - path: results/imdb/gpt3/5.json
      md5: 975d5257f16aea87a988ad545f54e17c
      size: 260
  gpt3@8:
    cmd: python src/evaluate_gpt3.py --data-path imdb --n-shot "8" --test-size 10
      --n-folds 5
    deps:
    - path: src/evaluate_gpt3.py
      md5: 08143f92adaaf77fc36e21d637abd3d3
      size: 2524
    outs:
    - path: results/imdb/gpt3/8.json
      md5: 7fb46033b0d9baacab0c2c716239c298
      size: 231
  gpt3@16:
    cmd: python src/evaluate_gpt3.py --data-path imdb --n-shot "16" --test-size 10
      --n-folds 5
    deps:
    - path: src/evaluate_gpt3.py
      md5: 08143f92adaaf77fc36e21d637abd3d3
      size: 2524
    outs:
    - path: results/imdb/gpt3/16.json
      md5: 59f103718372714f2e402c7e99a25ea1
      size: 234
  data@16:
    cmd: "python src/create_data.py --dataset imdb --n-shot 16 --test-size 100 --n-folds\
      \ 5 --split train\npython src/create_data.py --dataset imdb --n-shot 16 --test-size\
      \ 100 --n-folds 5 --split test\n"
    deps:
    - path: src/create_data.py
      md5: c29253ae36fc0f595a307428804f0b84
      size: 772
    outs:
    - path: data/imdb/16
      md5: 68fd2171a4dc5ca43f046dbfc3693080.dir
      size: 964075
      nfiles: 10
  data@5:
    cmd: "python src/create_data.py --dataset imdb --n-shot 5 --test-size 100 --n-folds\
      \ 5 --split train\npython src/create_data.py --dataset imdb --n-shot 5 --test-size\
      \ 100 --n-folds 5 --split test\n"
    deps:
    - path: src/create_data.py
      md5: c29253ae36fc0f595a307428804f0b84
      size: 772
    outs:
    - path: data/imdb/5
      md5: 8313e1717897edace4bfc4a138eba5bb.dir
      size: 709363
      nfiles: 10
  data@8:
    cmd: "python src/create_data.py --dataset imdb --n-shot 8 --test-size 100 --n-folds\
      \ 5 --split train\npython src/create_data.py --dataset imdb --n-shot 8 --test-size\
      \ 100 --n-folds 5 --split test\n"
    deps:
    - path: src/create_data.py
      md5: c29253ae36fc0f595a307428804f0b84
      size: 772
    outs:
    - path: data/imdb/8
      md5: 4913c03cdadbfe4df7dd4ef5f3e5f7c3.dir
      size: 766507
      nfiles: 10
  data@3:
    cmd: "python src/create_data.py --dataset imdb --n-shot 3 --test-size 100 --n-folds\
      \ 5 --split train\npython src/create_data.py --dataset imdb --n-shot 3 --test-size\
      \ 100 --n-folds 5 --split test\n"
    deps:
    - path: src/create_data.py
      md5: c29253ae36fc0f595a307428804f0b84
      size: 772
    outs:
    - path: data/imdb/3
      md5: 197d8c34ae9ec61ae62e7f45088230ad.dir
      size: 666643
      nfiles: 10
  graph:
    cmd: python src/create_graph.py --results-path results --figures-path figures
      --dataset imdb
    deps:
    - path: results
      md5: 827553e67db716e3bbb48d508c72ec8b.dir
      size: 10960
      nfiles: 53
    - path: src/create_graph.py
      md5: e88d7e90e912735571f470339478c2b4
      size: 2022
    outs:
    - path: figures/imdb.png
      md5: e01c97345b2f0cf54c51b069924f2440
      size: 44096
