schema: '2.0'
stages:
  data@5:
    cmd: "python src/create_data.py --dataset tweet_eval --n-shot 5 --test-size 100\
      \ --n-folds 5 --split train\npython src/create_data.py --dataset tweet_eval\
      \ --n-shot 5 --test-size 100 --n-folds 5 --split test\n"
    deps:
    - path: src/create_data.py
      md5: c29253ae36fc0f595a307428804f0b84
      size: 772
    outs:
    - path: data/tweet_eval/5
      md5: 199d724729430a60fb1843c8374d1469.dir
      size: 68333
      nfiles: 10
  tfidf_svm@3:
    cmd: python src/train_tfidf_svm.py --data-path tweet_eval --n-shot "3" --test-size
      100 --n-folds 5
    deps:
    - path: src/train_tfidf_svm.py
      md5: 75db88ee99892d2aaf096f43a23178c8
      size: 1525
    outs:
    - path: results/tweet_eval/tfidf_svm/3.json
      md5: 04bea5665439b2cc8553a27d276e3958
      size: 221
  tfidf_svm@5:
    cmd: python src/train_tfidf_svm.py --data-path tweet_eval --n-shot "5" --test-size
      100 --n-folds 5
    deps:
    - path: src/train_tfidf_svm.py
      md5: 75db88ee99892d2aaf096f43a23178c8
      size: 1525
    outs:
    - path: results/tweet_eval/tfidf_svm/5.json
      md5: 292f2b19ab02164382c4e893eb4d6f4a
      size: 221
  tfidf_svm@8:
    cmd: python src/train_tfidf_svm.py --data-path tweet_eval --n-shot "8" --test-size
      100 --n-folds 5
    deps:
    - path: src/train_tfidf_svm.py
      md5: 75db88ee99892d2aaf096f43a23178c8
      size: 1525
    outs:
    - path: results/tweet_eval/tfidf_svm/8.json
      md5: b3a138f56261ddaa8b23b457db563415
      size: 221
  tfidf_svm@16:
    cmd: python src/train_tfidf_svm.py --data-path tweet_eval --n-shot "16" --test-size
      100 --n-folds 5
    deps:
    - path: src/train_tfidf_svm.py
      md5: 75db88ee99892d2aaf096f43a23178c8
      size: 1525
    outs:
    - path: results/tweet_eval/tfidf_svm/16.json
      md5: d482dc30f104bc40ce818c50612b7403
      size: 220
  tfidf_svm@all:
    cmd: python src/train_tfidf_svm.py --data-path tweet_eval --n-shot "all" --test-size
      100 --n-folds 5
    deps:
    - path: src/train_tfidf_svm.py
      md5: 75db88ee99892d2aaf096f43a23178c8
      size: 1525
    outs:
    - path: results/tweet_eval/tfidf_svm/all.json
      md5: 3afbc1111a3ce3ff38da700868dbaca5
      size: 291
  setfit@3:
    cmd: python src/train_setfit.py --data-path tweet_eval --n-shot "3" --test-size
      100 --n-folds 5
    deps:
    - path: src/train_setfit.py
      md5: 43818491057c1c01dacb0d32932d6506
      size: 1596
    outs:
    - path: results/tweet_eval/setfit/3.json
      md5: 0b18a4737f26baeb1a45bdd25e2c41d9
      size: 221
  setfit@5:
    cmd: python src/train_setfit.py --data-path tweet_eval --n-shot "5" --test-size
      100 --n-folds 5
    deps:
    - path: src/train_setfit.py
      md5: 43818491057c1c01dacb0d32932d6506
      size: 1596
    outs:
    - path: results/tweet_eval/setfit/5.json
      md5: 6c3acc973ee8c03cedb7ea20a91e254e
      size: 221
  setfit@8:
    cmd: python src/train_setfit.py --data-path tweet_eval --n-shot "8" --test-size
      100 --n-folds 5
    deps:
    - path: src/train_setfit.py
      md5: 43818491057c1c01dacb0d32932d6506
      size: 1596
    outs:
    - path: results/tweet_eval/setfit/8.json
      md5: 0de46ee4f1e95cf6e0acbf2a640ebcd7
      size: 221
  setfit@16:
    cmd: python src/train_setfit.py --data-path tweet_eval --n-shot "16" --test-size
      100 --n-folds 5
    deps:
    - path: src/train_setfit.py
      md5: 43818491057c1c01dacb0d32932d6506
      size: 1596
    outs:
    - path: results/tweet_eval/setfit/16.json
      md5: d2b6c347f8cb99d689322310980a16e9
      size: 220
  data@8:
    cmd: "python src/create_data.py --dataset tweet_eval --n-shot 8 --test-size 100\
      \ --n-folds 5 --split train\npython src/create_data.py --dataset tweet_eval\
      \ --n-shot 8 --test-size 100 --n-folds 5 --split test\n"
    deps:
    - path: src/create_data.py
      md5: c29253ae36fc0f595a307428804f0b84
      size: 772
    outs:
    - path: data/tweet_eval/8
      md5: 8811ddaa3482c29ee34930b375643867.dir
      size: 76655
      nfiles: 10
  graph:
    cmd: python src/create_graph.py --results-path results --figures-path figures
      --dataset tweet_eval
    deps:
    - path: results
      md5: 827553e67db716e3bbb48d508c72ec8b.dir
      size: 10960
      nfiles: 53
    - path: src/create_graph.py
      md5: e88d7e90e912735571f470339478c2b4
      size: 2022
    outs:
    - path: figures/tweet_eval.png
      md5: bf2d665c065d95129a20825eafd9bc8d
      size: 28670
  data@3:
    cmd: "python src/create_data.py --dataset tweet_eval --n-shot 3 --test-size 100\
      \ --n-folds 5 --split train\npython src/create_data.py --dataset tweet_eval\
      \ --n-shot 3 --test-size 100 --n-folds 5 --split test\n"
    deps:
    - path: src/create_data.py
      md5: c29253ae36fc0f595a307428804f0b84
      size: 772
    outs:
    - path: data/tweet_eval/3
      md5: ac6b198ee9132c29c2d3619eb92ce8e1.dir
      size: 64171
      nfiles: 10
  data@16:
    cmd: "python src/create_data.py --dataset tweet_eval --n-shot 16 --test-size 100\
      \ --n-folds 5 --split train\npython src/create_data.py --dataset tweet_eval\
      \ --n-shot 16 --test-size 100 --n-folds 5 --split test\n"
    deps:
    - path: src/create_data.py
      md5: c29253ae36fc0f595a307428804f0b84
      size: 772
    outs:
    - path: data/tweet_eval/16
      md5: b2c329b1f5ad4e2afa1f69455bb15f0e.dir
      size: 96469
      nfiles: 10
